{
    "_meta": {
        "hash": {
            "sha256": "d229e4398b585183e6c81d4a8dba6641888ae9399491f8f95aeb54a53bcfda37"
        },
        "pipfile-spec": 6,
        "requires": {
            "python_version": "3.8"
        },
        "sources": [
            {
                "name": "pypi",
                "url": "https://pypi.org/simple",
                "verify_ssl": true
            }
        ]
    },
    "default": {
        "boltons": {
            "hashes": [
                "sha256:65e70a79a731a7fe6e98592ecfb5ccf2115873d01dbc576079874629e5c90f13",
                "sha256:b9bb7b58b2b420bbe11a6025fdef6d3e5edc9f76a42fb467afe7ca212ef9948b"
            ],
            "index": "pypi",
            "version": "==21.0.0"
        }
    },
    "develop": {}
}
